
Microsoft Visual Studio Solution File, Format Version 12.00
# Visual Studio 2013
VisualStudioVersion = 12.0.30110.0
MinimumVisualStudioVersion = 10.0.40219.1
Project("{FAE04EC0-301F-11D3-BF4B-00C04F79EFBC}") = "CamadaDados", "CamadaDados\CamadaDados.csproj", "{86730B2D-0CD9-4F40-AB9E-61405A610AD8}"
EndProject
Project("{FAE04EC0-301F-11D3-BF4B-00C04F79EFBC}") = "BeautySalon", "BeautySalon\BeautySalon.csproj", "{63D35DD8-1F29-431B-B788-6BC81225CBF3}"
	ProjectSection(ProjectDependencies) = postProject
		{45AB9A02-3AD7-461C-BDD4-0159BACEA314} = {45AB9A02-3AD7-461C-BDD4-0159BACEA314}
		{86730B2D-0CD9-4F40-AB9E-61405A610AD8} = {86730B2D-0CD9-4F40-AB9E-61405A610AD8}
	EndProjectSection
EndProject
Project("{FAE04EC0-301F-11D3-BF4B-00C04F79EFBC}") = "CamadaNegocio", "CamadaNegocio\CamadaNegocio.csproj", "{45AB9A02-3AD7-461C-BDD4-0159BACEA314}"
EndProject
Global
	GlobalSection(SolutionConfigurationPlatforms) = preSolution
		Debug|Any CPU = Debug|Any CPU
		Release|Any CPU = Release|Any CPU
	EndGlobalSection
	GlobalSection(ProjectConfigurationPlatforms) = postSolution
		{86730B2D-0CD9-4F40-AB9E-61405A610AD8}.Debug|Any CPU.ActiveCfg = Debug|Any CPU
		{86730B2D-0CD9-4F40-AB9E-61405A610AD8}.Debug|Any CPU.Build.0 = Debug|Any CPU
		{86730B2D-0CD9-4F40-AB9E-61405A610AD8}.Release|Any CPU.ActiveCfg = Release|Any CPU
		{86730B2D-0CD9-4F40-AB9E-61405A610AD8}.Release|Any CPU.Build.0 = Release|Any CPU
		{63D35DD8-1F29-431B-B788-6BC81225CBF3}.Debug|Any CPU.ActiveCfg = Debug|Any CPU
		{63D35DD8-1F29-431B-B788-6BC81225CBF3}.Debug|Any CPU.Build.0 = Debug|Any CPU
		{63D35DD8-1F29-431B-B788-6BC81225CBF3}.Release|Any CPU.ActiveCfg = Release|Any CPU
		{63D35DD8-1F29-431B-B788-6BC81225CBF3}.Release|Any CPU.Build.0 = Release|Any CPU
		{45AB9A02-3AD7-461C-BDD4-0159BACEA314}.Debug|Any CPU.ActiveCfg = Debug|Any CPU
		{45AB9A02-3AD7-461C-BDD4-0159BACEA314}.Debug|Any CPU.Build.0 = Debug|Any CPU
		{45AB9A02-3AD7-461C-BDD4-0159BACEA314}.Release|Any CPU.ActiveCfg = Release|Any CPU
		{45AB9A02-3AD7-461C-BDD4-0159BACEA314}.Release|Any CPU.Build.0 = Release|Any CPU
	EndGlobalSection
	GlobalSection(SolutionProperties) = preSolution
		HideSolutionNode = FALSE
	EndGlobalSection
EndGlobal
